// !$*UTF8*$!
{
	archiveVersion = 1;
	classes = {
	};
	objectVersion = 46;
	objects = {

/* Begin PBXGroup section */
		637DB52E19BCEDFD005EB3F0 = {
			isa = PBXGroup;
			children = (
			);
			sourceTree = "<group>";
		};
/* End PBXGroup section */

/* Begin PBXProject section */
		637DB52F19BCEDFD005EB3F0 /* Project object */ = {
			isa = PBXProject;
			attributes = {
				LastUpgradeCheck = 0600;
			};
			buildConfigurationList = 637DB53219BCEDFD005EB3F0 /* Build configuration list for PBXProject "DraftLottery" */;
			compatibilityVersion = "Xcode 3.2";
			developmentRegion = English;
			hasScannedForEncodings = 0;
			knownRegions = (
				en,
			);
			mainGroup = 637DB52E19BCEDFD005EB3F0;
			projectDirPath = "";
			projectRoot = "";
			targets = (
			);
		};
/* End PBXProject section */

/* Begin XCBuildConfiguration section */
		637DB53319BCEDFD005EB3F0 /* Debug */ = {
			isa = XCBuildConfiguration;
			buildSettings = {
			};
			name = Debug;
		};
		637DB53419BCEDFD005EB3F0 /* Release */ = {
			isa = XCBuildConfiguration;
			buildSettings = {
			};
			name = Release;
		};
/* End XCBuildConfiguration section */

/* Begin XCConfigurationList section */
		637DB53219BCEDFD005EB3F0 /* Build configuration list for PBXProject "DraftLottery" */ = {
			isa = XCConfigurationList;
			buildConfigurations = (
				637DB53319BCEDFD005EB3F0 /* Debug */,
				637DB53419BCEDFD005EB3F0 /* Release */,
			);
			defaultConfigurationIsVisible = 0;
			defaultConfigurationName = Release;
		};
/* End XCConfigurationList section */
	};
	rootObject = 637DB52F19BCEDFD005EB3F0 /* Project object */;
}
